// !$*UTF8*$!
{
	archiveVersion = 1;
	classes = {
	};
	objectVersion = 56;
	objects = {

/* Begin PBXBuildFile section */
		AC8342B9298B225A00D3857A /* FlickrFindrApp.swift in Sources */ = {isa = PBXBuildFile; fileRef = AC8342B8298B225A00D3857A /* FlickrFindrApp.swift */; };
		AC8342BB298B225A00D3857A /* ContentView.swift in Sources */ = {isa = PBXBuildFile; fileRef = AC8342BA298B225A00D3857A /* ContentView.swift */; };
		AC8342BD298B225C00D3857A /* Assets.xcassets in Resources */ = {isa = PBXBuildFile; fileRef = AC8342BC298B225C00D3857A /* Assets.xcassets */; };
		AC8342C0298B225C00D3857A /* Preview Assets.xcassets in Resources */ = {isa = PBXBuildFile; fileRef = AC8342BF298B225C00D3857A /* Preview Assets.xcassets */; };
		AC8342CA298B292000D3857A /* Photos.swift in Sources */ = {isa = PBXBuildFile; fileRef = AC8342C9298B292000D3857A /* Photos.swift */; };
		AC8342CD298B2A9800D3857A /* FlickrSearchDataProvider.swift in Sources */ = {isa = PBXBuildFile; fileRef = AC8342CC298B2A9800D3857A /* FlickrSearchDataProvider.swift */; };
		AC8342D0298B32DD00D3857A /* FlickrFindrViewModel.swift in Sources */ = {isa = PBXBuildFile; fileRef = AC8342CF298B32DD00D3857A /* FlickrFindrViewModel.swift */; };
		AC8342D2298B363E00D3857A /* FlickrFindrView.swift in Sources */ = {isa = PBXBuildFile; fileRef = AC8342D1298B363E00D3857A /* FlickrFindrView.swift */; };
		AC8342D4298C3E2E00D3857A /* photoRow.swift in Sources */ = {isa = PBXBuildFile; fileRef = AC8342D3298C3E2E00D3857A /* photoRow.swift */; };
		AC8342D6298C453700D3857A /* SelectedPhotoView.swift in Sources */ = {isa = PBXBuildFile; fileRef = AC8342D5298C453700D3857A /* SelectedPhotoView.swift */; };
/* End PBXBuildFile section */

/* Begin PBXFileReference section */
		AC8342B5298B225A00D3857A /* FlickrFindr.app */ = {isa = PBXFileReference; explicitFileType = wrapper.application; includeInIndex = 0; path = FlickrFindr.app; sourceTree = BUILT_PRODUCTS_DIR; };
		AC8342B8298B225A00D3857A /* FlickrFindrApp.swift */ = {isa = PBXFileReference; lastKnownFileType = sourcecode.swift; path = FlickrFindrApp.swift; sourceTree = "<group>"; };
		AC8342BA298B225A00D3857A /* ContentView.swift */ = {isa = PBXFileReference; lastKnownFileType = sourcecode.swift; path = ContentView.swift; sourceTree = "<group>"; };
		AC8342BC298B225C00D3857A /* Assets.xcassets */ = {isa = PBXFileReference; lastKnownFileType = folder.assetcatalog; path = Assets.xcassets; sourceTree = "<group>"; };
		AC8342BF298B225C00D3857A /* Preview Assets.xcassets */ = {isa = PBXFileReference; lastKnownFileType = folder.assetcatalog; path = "Preview Assets.xcassets"; sourceTree = "<group>"; };
		AC8342C9298B292000D3857A /* Photos.swift */ = {isa = PBXFileReference; lastKnownFileType = sourcecode.swift; path = Photos.swift; sourceTree = "<group>"; };
		AC8342CC298B2A9800D3857A /* FlickrSearchDataProvider.swift */ = {isa = PBXFileReference; lastKnownFileType = sourcecode.swift; path = FlickrSearchDataProvider.swift; sourceTree = "<group>"; };
		AC8342CF298B32DD00D3857A /* FlickrFindrViewModel.swift */ = {isa = PBXFileReference; lastKnownFileType = sourcecode.swift; path = FlickrFindrViewModel.swift; sourceTree = "<group>"; };
		AC8342D1298B363E00D3857A /* FlickrFindrView.swift */ = {isa = PBXFileReference; lastKnownFileType = sourcecode.swift; path = FlickrFindrView.swift; sourceTree = "<group>"; };
		AC8342D3298C3E2E00D3857A /* photoRow.swift */ = {isa = PBXFileReference; lastKnownFileType = sourcecode.swift; path = photoRow.swift; sourceTree = "<group>"; };
		AC8342D5298C453700D3857A /* SelectedPhotoView.swift */ = {isa = PBXFileReference; lastKnownFileType = sourcecode.swift; path = SelectedPhotoView.swift; sourceTree = "<group>"; };
/* End PBXFileReference section */

/* Begin PBXFrameworksBuildPhase section */
		AC8342B2298B225A00D3857A /* Frameworks */ = {
			isa = PBXFrameworksBuildPhase;
			buildActionMask = 2147483647;
			files = (
			);
			runOnlyForDeploymentPostprocessing = 0;
		};
/* End PBXFrameworksBuildPhase section */

/* Begin PBXGroup section */
		AC8342AC298B225A00D3857A = {
			isa = PBXGroup;
			children = (
				AC8342B7298B225A00D3857A /* FlickrFindr */,
				AC8342B6298B225A00D3857A /* Products */,
			);
			sourceTree = "<group>";
		};
		AC8342B6298B225A00D3857A /* Products */ = {
			isa = PBXGroup;
			children = (
				AC8342B5298B225A00D3857A /* FlickrFindr.app */,
			);
			name = Products;
			sourceTree = "<group>";
		};
		AC8342B7298B225A00D3857A /* FlickrFindr */ = {
			isa = PBXGroup;
			children = (
				AC8342CE298B325700D3857A /* FlickrFindrUI */,
				AC8342CB298B2A4A00D3857A /* DataManager */,
				AC8342C6298B253A00D3857A /* Model */,
				AC8342B8298B225A00D3857A /* FlickrFindrApp.swift */,
				AC8342BA298B225A00D3857A /* ContentView.swift */,
				AC8342BC298B225C00D3857A /* Assets.xcassets */,
				AC8342BE298B225C00D3857A /* Preview Content */,
			);
			path = FlickrFindr;
			sourceTree = "<group>";
		};
		AC8342BE298B225C00D3857A /* Preview Content */ = {
			isa = PBXGroup;
			children = (
				AC8342BF298B225C00D3857A /* Preview Assets.xcassets */,
			);
			path = "Preview Content";
			sourceTree = "<group>";
		};
		AC8342C6298B253A00D3857A /* Model */ = {
			isa = PBXGroup;
			children = (
				AC8342C9298B292000D3857A /* Photos.swift */,
			);
			path = Model;
			sourceTree = "<group>";
		};
		AC8342CB298B2A4A00D3857A /* DataManager */ = {
			isa = PBXGroup;
			children = (
				AC8342CC298B2A9800D3857A /* FlickrSearchDataProvider.swift */,
			);
			path = DataManager;
			sourceTree = "<group>";
		};
		AC8342CE298B325700D3857A /* FlickrFindrUI */ = {
			isa = PBXGroup;
			children = (
				AC8342CF298B32DD00D3857A /* FlickrFindrViewModel.swift */,
				AC8342D1298B363E00D3857A /* FlickrFindrView.swift */,
				AC8342D5298C453700D3857A /* SelectedPhotoView.swift */,
				AC8342D3298C3E2E00D3857A /* photoRow.swift */,
			);
			path = FlickrFindrUI;
			sourceTree = "<group>";
		};
/* End PBXGroup section */

/* Begin PBXNativeTarget section */
		AC8342B4298B225A00D3857A /* FlickrFindr */ = {
			isa = PBXNativeTarget;
			buildConfigurationList = AC8342C3298B225C00D3857A /* Build configuration list for PBXNativeTarget "FlickrFindr" */;
			buildPhases = (
				AC8342B1298B225A00D3857A /* Sources */,
				AC8342B2298B225A00D3857A /* Frameworks */,
				AC8342B3298B225A00D3857A /* Resources */,
			);
			buildRules = (
			);
			dependencies = (
			);
			name = FlickrFindr;
			productName = FlickrFindr;
			productReference = AC8342B5298B225A00D3857A /* FlickrFindr.app */;
			productType = "com.apple.product-type.application";
		};
/* End PBXNativeTarget section */

/* Begin PBXProject section */
		AC8342AD298B225A00D3857A /* Project object */ = {
			isa = PBXProject;
			attributes = {
				BuildIndependentTargetsInParallel = 1;
				LastSwiftUpdateCheck = 1420;
				LastUpgradeCheck = 1420;
				TargetAttributes = {
					AC8342B4298B225A00D3857A = {
						CreatedOnToolsVersion = 14.2;
					};
				};
			};
			buildConfigurationList = AC8342B0298B225A00D3857A /* Build configuration list for PBXProject "FlickrFindr" */;
			compatibilityVersion = "Xcode 14.0";
			developmentRegion = en;
			hasScannedForEncodings = 0;
			knownRegions = (
				en,
				Base,
			);
			mainGroup = AC8342AC298B225A00D3857A;
			productRefGroup = AC8342B6298B225A00D3857A /* Products */;
			projectDirPath = "";
			projectRoot = "";
			targets = (
				AC8342B4298B225A00D3857A /* FlickrFindr */,
			);
		};
/* End PBXProject section */

/* Begin PBXResourcesBuildPhase section */
		AC8342B3298B225A00D3857A /* Resources */ = {
			isa = PBXResourcesBuildPhase;
			buildActionMask = 2147483647;
			files = (
				AC8342C0298B225C00D3857A /* Preview Assets.xcassets in Resources */,
				AC8342BD298B225C00D3857A /* Assets.xcassets in Resources */,
			);
			runOnlyForDeploymentPostprocessing = 0;
		};
/* End PBXResourcesBuildPhase section */

/* Begin PBXSourcesBuildPhase section */
		AC8342B1298B225A00D3857A /* Sources */ = {
			isa = PBXSourcesBuildPhase;
			buildActionMask = 2147483647;
			files = (
				AC8342D6298C453700D3857A /* SelectedPhotoView.swift in Sources */,
				AC8342CA298B292000D3857A /* Photos.swift in Sources */,
				AC8342D4298C3E2E00D3857A /* photoRow.swift in Sources */,
				AC8342D0298B32DD00D3857A /* FlickrFindrViewModel.swift in Sources */,
				AC8342BB298B225A00D3857A /* ContentView.swift in Sources */,
				AC8342D2298B363E00D3857A /* FlickrFindrView.swift in Sources */,
				AC8342B9298B225A00D3857A /* FlickrFindrApp.swift in Sources */,
				AC8342CD298B2A9800D3857A /* FlickrSearchDataProvider.swift in Sources */,
			);
			runOnlyForDeploymentPostprocessing = 0;
		};
/* End PBXSourcesBuildPhase section */

/* Begin XCBuildConfiguration section */
		AC8342C1298B225C00D3857A /* Debug */ = {
			isa = XCBuildConfiguration;
			buildSettings = {
				ALWAYS_SEARCH_USER_PATHS = NO;
				CLANG_ANALYZER_NONNULL = YES;
				CLANG_ANALYZER_NUMBER_OBJECT_CONVERSION = YES_AGGRESSIVE;
				CLANG_CXX_LANGUAGE_STANDARD = "gnu++20";
				CLANG_ENABLE_MODULES = YES;
				CLANG_ENABLE_OBJC_ARC = YES;
				CLANG_ENABLE_OBJC_WEAK = YES;
				CLANG_WARN_BLOCK_CAPTURE_AUTORELEASING = YES;
				CLANG_WARN_BOOL_CONVERSION = YES;
				CLANG_WARN_COMMA = YES;
				CLANG_WARN_CONSTANT_CONVERSION = YES;
				CLANG_WARN_DEPRECATED_OBJC_IMPLEMENTATIONS = YES;
				CLANG_WARN_DIRECT_OBJC_ISA_USAGE = YES_ERROR;
				CLANG_WARN_DOCUMENTATION_COMMENTS = YES;
				CLANG_WARN_EMPTY_BODY = YES;
				CLANG_WARN_ENUM_CONVERSION = YES;
				CLANG_WARN_INFINITE_RECURSION = YES;
				CLANG_WARN_INT_CONVERSION = YES;
				CLANG_WARN_NON_LITERAL_NULL_CONVERSION = YES;
				CLANG_WARN_OBJC_IMPLICIT_RETAIN_SELF = YES;
				CLANG_WARN_OBJC_LITERAL_CONVERSION = YES;
				CLANG_WARN_OBJC_ROOT_CLASS = YES_ERROR;
				CLANG_WARN_QUOTED_INCLUDE_IN_FRAMEWORK_HEADER = YES;
				CLANG_WARN_RANGE_LOOP_ANALYSIS = YES;
				CLANG_WARN_STRICT_PROTOTYPES = YES;
				CLANG_WARN_SUSPICIOUS_MOVE = YES;
				CLANG_WARN_UNGUARDED_AVAILABILITY = YES_AGGRESSIVE;
				CLANG_WARN_UNREACHABLE_CODE = YES;
				CLANG_WARN__DUPLICATE_METHOD_MATCH = YES;
				COPY_PHASE_STRIP = NO;
				DEBUG_INFORMATION_FORMAT = dwarf;
				ENABLE_STRICT_OBJC_MSGSEND = YES;
				ENABLE_TESTABILITY = YES;
				GCC_C_LANGUAGE_STANDARD = gnu11;
				GCC_DYNAMIC_NO_PIC = NO;
				GCC_NO_COMMON_BLOCKS = YES;
				GCC_OPTIMIZATION_LEVEL = 0;
				GCC_PREPROCESSOR_DEFINITIONS = (
					"DEBUG=1",
					"$(inherited)",
				);
				GCC_WARN_64_TO_32_BIT_CONVERSION = YES;
				GCC_WARN_ABOUT_RETURN_TYPE = YES_ERROR;
				GCC_WARN_UNDECLARED_SELECTOR = YES;
				GCC_WARN_UNINITIALIZED_AUTOS = YES_AGGRESSIVE;
				GCC_WARN_UNUSED_FUNCTION = YES;
				GCC_WARN_UNUSED_VARIABLE = YES;
				IPHONEOS_DEPLOYMENT_TARGET = 16.2;
				MTL_ENABLE_DEBUG_INFO = INCLUDE_SOURCE;
				MTL_FAST_MATH = YES;
				ONLY_ACTIVE_ARCH = YES;
				SDKROOT = iphoneos;
				SWIFT_ACTIVE_COMPILATION_CONDITIONS = DEBUG;
				SWIFT_OPTIMIZATION_LEVEL = "-Onone";
			};
			name = Debug;
		};
		AC8342C2298B225C00D3857A /* Release */ = {
			isa = XCBuildConfiguration;
			buildSettings = {
				ALWAYS_SEARCH_USER_PATHS = NO;
				CLANG_ANALYZER_NONNULL = YES;
				CLANG_ANALYZER_NUMBER_OBJECT_CONVERSION = YES_AGGRESSIVE;
				CLANG_CXX_LANGUAGE_STANDARD = "gnu++20";
				CLANG_ENABLE_MODULES = YES;
				CLANG_ENABLE_OBJC_ARC = YES;
				CLANG_ENABLE_OBJC_WEAK = YES;
				CLANG_WARN_BLOCK_CAPTURE_AUTORELEASING = YES;
				CLANG_WARN_BOOL_CONVERSION = YES;
				CLANG_WARN_COMMA = YES;
				CLANG_WARN_CONSTANT_CONVERSION = YES;
				CLANG_WARN_DEPRECATED_OBJC_IMPLEMENTATIONS = YES;
				CLANG_WARN_DIRECT_OBJC_ISA_USAGE = YES_ERROR;
				CLANG_WARN_DOCUMENTATION_COMMENTS = YES;
				CLANG_WARN_EMPTY_BODY = YES;
				CLANG_WARN_ENUM_CONVERSION = YES;
				CLANG_WARN_INFINITE_RECURSION = YES;
				CLANG_WARN_INT_CONVERSION = YES;
				CLANG_WARN_NON_LITERAL_NULL_CONVERSION = YES;
				CLANG_WARN_OBJC_IMPLICIT_RETAIN_SELF = YES;
				CLANG_WARN_OBJC_LITERAL_CONVERSION = YES;
				CLANG_WARN_OBJC_ROOT_CLASS = YES_ERROR;
				CLANG_WARN_QUOTED_INCLUDE_IN_FRAMEWORK_HEADER = YES;
				CLANG_WARN_RANGE_LOOP_ANALYSIS = YES;
				CLANG_WARN_STRICT_PROTOTYPES = YES;
				CLANG_WARN_SUSPICIOUS_MOVE = YES;
				CLANG_WARN_UNGUARDED_AVAILABILITY = YES_AGGRESSIVE;
				CLANG_WARN_UNREACHABLE_CODE = YES;
				CLANG_WARN__DUPLICATE_METHOD_MATCH = YES;
				COPY_PHASE_STRIP = NO;
				DEBUG_INFORMATION_FORMAT = "dwarf-with-dsym";
				ENABLE_NS_ASSERTIONS = NO;
				ENABLE_STRICT_OBJC_MSGSEND = YES;
				GCC_C_LANGUAGE_STANDARD = gnu11;
				GCC_NO_COMMON_BLOCKS = YES;
				GCC_WARN_64_TO_32_BIT_CONVERSION = YES;
				GCC_WARN_ABOUT_RETURN_TYPE = YES_ERROR;
				GCC_WARN_UNDECLARED_SELECTOR = YES;
				GCC_WARN_UNINITIALIZED_AUTOS = YES_AGGRESSIVE;
				GCC_WARN_UNUSED_FUNCTION = YES;
				GCC_WARN_UNUSED_VARIABLE = YES;
				IPHONEOS_DEPLOYMENT_TARGET = 16.2;
				MTL_ENABLE_DEBUG_INFO = NO;
				MTL_FAST_MATH = YES;
				SDKROOT = iphoneos;
				SWIFT_COMPILATION_MODE = wholemodule;
				SWIFT_OPTIMIZATION_LEVEL = "-O";
				VALIDATE_PRODUCT = YES;
			};
			name = Release;
		};
		AC8342C4298B225C00D3857A /* Debug */ = {
			isa = XCBuildConfiguration;
			buildSettings = {
				ASSETCATALOG_COMPILER_APPICON_NAME = AppIcon;
				ASSETCATALOG_COMPILER_GLOBAL_ACCENT_COLOR_NAME = AccentColor;
				CODE_SIGN_STYLE = Automatic;
				CURRENT_PROJECT_VERSION = 1;
				DEVELOPMENT_ASSET_PATHS = "\"FlickrFindr/Preview Content\"";
				DEVELOPMENT_TEAM = VU3YG3LC85;
				ENABLE_PREVIEWS = YES;
				GENERATE_INFOPLIST_FILE = YES;
				INFOPLIST_KEY_UIApplicationSceneManifest_Generation = YES;
				INFOPLIST_KEY_UIApplicationSupportsIndirectInputEvents = YES;
				INFOPLIST_KEY_UILaunchScreen_Generation = YES;
				INFOPLIST_KEY_UISupportedInterfaceOrientations_iPad = "UIInterfaceOrientationPortrait UIInterfaceOrientationPortraitUpsideDown UIInterfaceOrientationLandscapeLeft UIInterfaceOrientationLandscapeRight";
				INFOPLIST_KEY_UISupportedInterfaceOrientations_iPhone = "UIInterfaceOrientationPortrait UIInterfaceOrientationLandscapeLeft UIInterfaceOrientationLandscapeRight";
				LD_RUNPATH_SEARCH_PATHS = (
					"$(inherited)",
					"@executable_path/Frameworks",
				);
				MARKETING_VERSION = 1.0;
				PRODUCT_BUNDLE_IDENTIFIER = com.coding.FlickrFindr;
				PRODUCT_NAME = "$(TARGET_NAME)";
				SWIFT_EMIT_LOC_STRINGS = YES;
				SWIFT_VERSION = 5.0;
				TARGETED_DEVICE_FAMILY = "1,2";
			};
			name = Debug;
		};
		AC8342C5298B225C00D3857A /* Release */ = {
			isa = XCBuildConfiguration;
			buildSettings = {
				ASSETCATALOG_COMPILER_APPICON_NAME = AppIcon;
				ASSETCATALOG_COMPILER_GLOBAL_ACCENT_COLOR_NAME = AccentColor;
				CODE_SIGN_STYLE = Automatic;
				CURRENT_PROJECT_VERSION = 1;
				DEVELOPMENT_ASSET_PATHS = "\"FlickrFindr/Preview Content\"";
				DEVELOPMENT_TEAM = VU3YG3LC85;
				ENABLE_PREVIEWS = YES;
				GENERATE_INFOPLIST_FILE = YES;
				INFOPLIST_KEY_UIApplicationSceneManifest_Generation = YES;
				INFOPLIST_KEY_UIApplicationSupportsIndirectInputEvents = YES;
				INFOPLIST_KEY_UILaunchScreen_Generation = YES;
				INFOPLIST_KEY_UISupportedInterfaceOrientations_iPad = "UIInterfaceOrientationPortrait UIInterfaceOrientationPortraitUpsideDown UIInterfaceOrientationLandscapeLeft UIInterfaceOrientationLandscapeRight";
				INFOPLIST_KEY_UISupportedInterfaceOrientations_iPhone = "UIInterfaceOrientationPortrait UIInterfaceOrientationLandscapeLeft UIInterfaceOrientationLandscapeRight";
				LD_RUNPATH_SEARCH_PATHS = (
					"$(inherited)",
					"@executable_path/Frameworks",
				);
				MARKETING_VERSION = 1.0;
				PRODUCT_BUNDLE_IDENTIFIER = com.coding.FlickrFindr;
				PRODUCT_NAME = "$(TARGET_NAME)";
				SWIFT_EMIT_LOC_STRINGS = YES;
				SWIFT_VERSION = 5.0;
				TARGETED_DEVICE_FAMILY = "1,2";
			};
			name = Release;
		};
/* End XCBuildConfiguration section */

/* Begin XCConfigurationList section */
		AC8342B0298B225A00D3857A /* Build configuration list for PBXProject "FlickrFindr" */ = {
			isa = XCConfigurationList;
			buildConfigurations = (
				AC8342C1298B225C00D3857A /* Debug */,
				AC8342C2298B225C00D3857A /* Release */,
			);
			defaultConfigurationIsVisible = 0;
			defaultConfigurationName = Release;
		};
		AC8342C3298B225C00D3857A /* Build configuration list for PBXNativeTarget "FlickrFindr" */ = {
			isa = XCConfigurationList;
			buildConfigurations = (
				AC8342C4298B225C00D3857A /* Debug */,
				AC8342C5298B225C00D3857A /* Release */,
			);
			defaultConfigurationIsVisible = 0;
			defaultConfigurationName = Release;
		};
/* End XCConfigurationList section */
	};
	rootObject = AC8342AD298B225A00D3857A /* Project object */;
}
